// !$*UTF8*$!
{
	archiveVersion = 1;
	classes = {
	};
	objectVersion = 46;
	objects = {

/* Begin PBXBuildFile section */
		3717B1D31E6DBC7B00EA211B /* AppDelegate.swift in Sources */ = {isa = PBXBuildFile; fileRef = 3717B1D21E6DBC7B00EA211B /* AppDelegate.swift */; };
		3717B1D51E6DBC7B00EA211B /* ViewController.swift in Sources */ = {isa = PBXBuildFile; fileRef = 3717B1D41E6DBC7B00EA211B /* ViewController.swift */; };
		3717B1D81E6DBC7B00EA211B /* Main.storyboard in Resources */ = {isa = PBXBuildFile; fileRef = 3717B1D61E6DBC7B00EA211B /* Main.storyboard */; };
		3717B1DA1E6DBC7B00EA211B /* Assets.xcassets in Resources */ = {isa = PBXBuildFile; fileRef = 3717B1D91E6DBC7B00EA211B /* Assets.xcassets */; };
		3717B1DD1E6DBC7B00EA211B /* LaunchScreen.storyboard in Resources */ = {isa = PBXBuildFile; fileRef = 3717B1DB1E6DBC7B00EA211B /* LaunchScreen.storyboard */; };
		3717B1EA1E6DBC9C00EA211B /* ModernSearchBar.swift in Sources */ = {isa = PBXBuildFile; fileRef = 3717B1E51E6DBC9C00EA211B /* ModernSearchBar.swift */; };
		3717B1EB1E6DBC9C00EA211B /* ModernSearchBarDelegate.swift in Sources */ = {isa = PBXBuildFile; fileRef = 3717B1E61E6DBC9C00EA211B /* ModernSearchBarDelegate.swift */; };
		3717B1EC1E6DBC9C00EA211B /* ModernSearchBarCell.swift in Sources */ = {isa = PBXBuildFile; fileRef = 3717B1E71E6DBC9C00EA211B /* ModernSearchBarCell.swift */; };
		3717B1ED1E6DBC9C00EA211B /* ModernSearchBarIcon.swift in Sources */ = {isa = PBXBuildFile; fileRef = 3717B1E81E6DBC9C00EA211B /* ModernSearchBarIcon.swift */; };
		3717B1EE1E6DBC9C00EA211B /* ModernSearchBarModel.swift in Sources */ = {isa = PBXBuildFile; fileRef = 3717B1E91E6DBC9C00EA211B /* ModernSearchBarModel.swift */; };
/* End PBXBuildFile section */

/* Begin PBXFileReference section */
		3717B1CF1E6DBC7B00EA211B /* ModernSearchBar.app */ = {isa = PBXFileReference; explicitFileType = wrapper.application; includeInIndex = 0; path = ModernSearchBar.app; sourceTree = BUILT_PRODUCTS_DIR; };
		3717B1D21E6DBC7B00EA211B /* AppDelegate.swift */ = {isa = PBXFileReference; lastKnownFileType = sourcecode.swift; path = AppDelegate.swift; sourceTree = "<group>"; };
		3717B1D41E6DBC7B00EA211B /* ViewController.swift */ = {isa = PBXFileReference; lastKnownFileType = sourcecode.swift; path = ViewController.swift; sourceTree = "<group>"; };
		3717B1D71E6DBC7B00EA211B /* Base */ = {isa = PBXFileReference; lastKnownFileType = file.storyboard; name = Base; path = Base.lproj/Main.storyboard; sourceTree = "<group>"; };
		3717B1D91E6DBC7B00EA211B /* Assets.xcassets */ = {isa = PBXFileReference; lastKnownFileType = folder.assetcatalog; path = Assets.xcassets; sourceTree = "<group>"; };
		3717B1DC1E6DBC7B00EA211B /* Base */ = {isa = PBXFileReference; lastKnownFileType = file.storyboard; name = Base; path = Base.lproj/LaunchScreen.storyboard; sourceTree = "<group>"; };
		3717B1DE1E6DBC7B00EA211B /* Info.plist */ = {isa = PBXFileReference; lastKnownFileType = text.plist.xml; path = Info.plist; sourceTree = "<group>"; };
		3717B1E51E6DBC9C00EA211B /* ModernSearchBar.swift */ = {isa = PBXFileReference; fileEncoding = 4; lastKnownFileType = sourcecode.swift; path = ModernSearchBar.swift; sourceTree = "<group>"; };
		3717B1E61E6DBC9C00EA211B /* ModernSearchBarDelegate.swift */ = {isa = PBXFileReference; fileEncoding = 4; lastKnownFileType = sourcecode.swift; path = ModernSearchBarDelegate.swift; sourceTree = "<group>"; };
		3717B1E71E6DBC9C00EA211B /* ModernSearchBarCell.swift */ = {isa = PBXFileReference; fileEncoding = 4; lastKnownFileType = sourcecode.swift; path = ModernSearchBarCell.swift; sourceTree = "<group>"; };
		3717B1E81E6DBC9C00EA211B /* ModernSearchBarIcon.swift */ = {isa = PBXFileReference; fileEncoding = 4; lastKnownFileType = sourcecode.swift; path = ModernSearchBarIcon.swift; sourceTree = "<group>"; };
		3717B1E91E6DBC9C00EA211B /* ModernSearchBarModel.swift */ = {isa = PBXFileReference; fileEncoding = 4; lastKnownFileType = sourcecode.swift; path = ModernSearchBarModel.swift; sourceTree = "<group>"; };
/* End PBXFileReference section */

/* Begin PBXFrameworksBuildPhase section */
		3717B1CC1E6DBC7B00EA211B /* Frameworks */ = {
			isa = PBXFrameworksBuildPhase;
			buildActionMask = 2147483647;
			files = (
			);
			runOnlyForDeploymentPostprocessing = 0;
		};
/* End PBXFrameworksBuildPhase section */

/* Begin PBXGroup section */
		3717B1C61E6DBC7B00EA211B = {
			isa = PBXGroup;
			children = (
				3717B1D11E6DBC7B00EA211B /* ModernSearchBar */,
				3717B1D01E6DBC7B00EA211B /* Products */,
			);
			sourceTree = "<group>";
		};
		3717B1D01E6DBC7B00EA211B /* Products */ = {
			isa = PBXGroup;
			children = (
				3717B1CF1E6DBC7B00EA211B /* ModernSearchBar.app */,
			);
			name = Products;
			sourceTree = "<group>";
		};
		3717B1D11E6DBC7B00EA211B /* ModernSearchBar */ = {
			isa = PBXGroup;
			children = (
				3717B1D41E6DBC7B00EA211B /* ViewController.swift */,
				3717B1E41E6DBC8300EA211B /* ModernSearchBar */,
				3717B1D21E6DBC7B00EA211B /* AppDelegate.swift */,
				3717B1D61E6DBC7B00EA211B /* Main.storyboard */,
				3717B1D91E6DBC7B00EA211B /* Assets.xcassets */,
				3717B1DB1E6DBC7B00EA211B /* LaunchScreen.storyboard */,
				3717B1DE1E6DBC7B00EA211B /* Info.plist */,
			);
			path = ModernSearchBar;
			sourceTree = "<group>";
		};
		3717B1E41E6DBC8300EA211B /* ModernSearchBar */ = {
			isa = PBXGroup;
			children = (
				3717B1E51E6DBC9C00EA211B /* ModernSearchBar.swift */,
				3717B1E61E6DBC9C00EA211B /* ModernSearchBarDelegate.swift */,
				3717B1E71E6DBC9C00EA211B /* ModernSearchBarCell.swift */,
				3717B1E81E6DBC9C00EA211B /* ModernSearchBarIcon.swift */,
				3717B1E91E6DBC9C00EA211B /* ModernSearchBarModel.swift */,
			);
			name = ModernSearchBar;
			sourceTree = "<group>";
		};
/* End PBXGroup section */

/* Begin PBXNativeTarget section */
		3717B1CE1E6DBC7B00EA211B /* ModernSearchBar */ = {
			isa = PBXNativeTarget;
			buildConfigurationList = 3717B1E11E6DBC7B00EA211B /* Build configuration list for PBXNativeTarget "ModernSearchBar" */;
			buildPhases = (
				3717B1CB1E6DBC7B00EA211B /* Sources */,
				3717B1CC1E6DBC7B00EA211B /* Frameworks */,
				3717B1CD1E6DBC7B00EA211B /* Resources */,
			);
			buildRules = (
			);
			dependencies = (
			);
			name = ModernSearchBar;
			productName = ModernSearchBar;
			productReference = 3717B1CF1E6DBC7B00EA211B /* ModernSearchBar.app */;
			productType = "com.apple.product-type.application";
		};
/* End PBXNativeTarget section */

/* Begin PBXProject section */
		3717B1C71E6DBC7B00EA211B /* Project object */ = {
			isa = PBXProject;
			attributes = {
				LastSwiftUpdateCheck = 0830;
				LastUpgradeCheck = 0830;
				ORGANIZATIONNAME = CookMinute;
				TargetAttributes = {
					3717B1CE1E6DBC7B00EA211B = {
						CreatedOnToolsVersion = 8.3;
						DevelopmentTeam = 3BBX8TF58T;
						ProvisioningStyle = Automatic;
					};
				};
			};
			buildConfigurationList = 3717B1CA1E6DBC7B00EA211B /* Build configuration list for PBXProject "ModernSearchBar" */;
			compatibilityVersion = "Xcode 3.2";
			developmentRegion = English;
			hasScannedForEncodings = 0;
			knownRegions = (
				en,
				Base,
			);
			mainGroup = 3717B1C61E6DBC7B00EA211B;
			productRefGroup = 3717B1D01E6DBC7B00EA211B /* Products */;
			projectDirPath = "";
			projectRoot = "";
			targets = (
				3717B1CE1E6DBC7B00EA211B /* ModernSearchBar */,
			);
		};
/* End PBXProject section */

/* Begin PBXResourcesBuildPhase section */
		3717B1CD1E6DBC7B00EA211B /* Resources */ = {
			isa = PBXResourcesBuildPhase;
			buildActionMask = 2147483647;
			files = (
				3717B1DD1E6DBC7B00EA211B /* LaunchScreen.storyboard in Resources */,
				3717B1DA1E6DBC7B00EA211B /* Assets.xcassets in Resources */,
				3717B1D81E6DBC7B00EA211B /* Main.storyboard in Resources */,
			);
			runOnlyForDeploymentPostprocessing = 0;
		};
/* End PBXResourcesBuildPhase section */

/* Begin PBXSourcesBuildPhase section */
		3717B1CB1E6DBC7B00EA211B /* Sources */ = {
			isa = PBXSourcesBuildPhase;
			buildActionMask = 2147483647;
			files = (
				3717B1D51E6DBC7B00EA211B /* ViewController.swift in Sources */,
				3717B1D31E6DBC7B00EA211B /* AppDelegate.swift in Sources */,
				3717B1EA1E6DBC9C00EA211B /* ModernSearchBar.swift in Sources */,
				3717B1EC1E6DBC9C00EA211B /* ModernSearchBarCell.swift in Sources */,
				3717B1EB1E6DBC9C00EA211B /* ModernSearchBarDelegate.swift in Sources */,
				3717B1ED1E6DBC9C00EA211B /* ModernSearchBarIcon.swift in Sources */,
				3717B1EE1E6DBC9C00EA211B /* ModernSearchBarModel.swift in Sources */,
			);
			runOnlyForDeploymentPostprocessing = 0;
		};
/* End PBXSourcesBuildPhase section */

/* Begin PBXVariantGroup section */
		3717B1D61E6DBC7B00EA211B /* Main.storyboard */ = {
			isa = PBXVariantGroup;
			children = (
				3717B1D71E6DBC7B00EA211B /* Base */,
			);
			name = Main.storyboard;
			sourceTree = "<group>";
		};
		3717B1DB1E6DBC7B00EA211B /* LaunchScreen.storyboard */ = {
			isa = PBXVariantGroup;
			children = (
				3717B1DC1E6DBC7B00EA211B /* Base */,
			);
			name = LaunchScreen.storyboard;
			sourceTree = "<group>";
		};
/* End PBXVariantGroup section */

/* Begin XCBuildConfiguration section */
		3717B1DF1E6DBC7B00EA211B /* Debug */ = {
			isa = XCBuildConfiguration;
			buildSettings = {
				ALWAYS_SEARCH_USER_PATHS = NO;
				CLANG_ANALYZER_NONNULL = YES;
				CLANG_ANALYZER_NUMBER_OBJECT_CONVERSION = YES_AGGRESSIVE;
				CLANG_CXX_LANGUAGE_STANDARD = "gnu++0x";
				CLANG_CXX_LIBRARY = "libc++";
				CLANG_ENABLE_MODULES = YES;
				CLANG_ENABLE_OBJC_ARC = YES;
				CLANG_WARN_BOOL_CONVERSION = YES;
				CLANG_WARN_CONSTANT_CONVERSION = YES;
				CLANG_WARN_DIRECT_OBJC_ISA_USAGE = YES_ERROR;
				CLANG_WARN_DOCUMENTATION_COMMENTS = YES;
				CLANG_WARN_EMPTY_BODY = YES;
				CLANG_WARN_ENUM_CONVERSION = YES;
				CLANG_WARN_INFINITE_RECURSION = YES;
				CLANG_WARN_INT_CONVERSION = YES;
				CLANG_WARN_OBJC_ROOT_CLASS = YES_ERROR;
				CLANG_WARN_SUSPICIOUS_MOVE = YES;
				CLANG_WARN_UNREACHABLE_CODE = YES;
				CLANG_WARN__DUPLICATE_METHOD_MATCH = YES;
				"CODE_SIGN_IDENTITY[sdk=iphoneos*]" = "iPhone Developer";
				COPY_PHASE_STRIP = NO;
				DEBUG_INFORMATION_FORMAT = dwarf;
				ENABLE_STRICT_OBJC_MSGSEND = YES;
				ENABLE_TESTABILITY = YES;
				GCC_C_LANGUAGE_STANDARD = gnu99;
				GCC_DYNAMIC_NO_PIC = NO;
				GCC_NO_COMMON_BLOCKS = YES;
				GCC_OPTIMIZATION_LEVEL = 0;
				GCC_PREPROCESSOR_DEFINITIONS = (
					"DEBUG=1",
					"$(inherited)",
				);
				GCC_WARN_64_TO_32_BIT_CONVERSION = YES;
				GCC_WARN_ABOUT_RETURN_TYPE = YES_ERROR;
				GCC_WARN_UNDECLARED_SELECTOR = YES;
				GCC_WARN_UNINITIALIZED_AUTOS = YES_AGGRESSIVE;
				GCC_WARN_UNUSED_FUNCTION = YES;
				GCC_WARN_UNUSED_VARIABLE = YES;
				IPHONEOS_DEPLOYMENT_TARGET = 10.3;
				MTL_ENABLE_DEBUG_INFO = YES;
				ONLY_ACTIVE_ARCH = YES;
				SDKROOT = iphoneos;
				SWIFT_ACTIVE_COMPILATION_CONDITIONS = DEBUG;
				SWIFT_OPTIMIZATION_LEVEL = "-Onone";
				TARGETED_DEVICE_FAMILY = "1,2";
			};
			name = Debug;
		};
		3717B1E01E6DBC7B00EA211B /* Release */ = {
			isa = XCBuildConfiguration;
			buildSettings = {
				ALWAYS_SEARCH_USER_PATHS = NO;
				CLANG_ANALYZER_NONNULL = YES;
				CLANG_ANALYZER_NUMBER_OBJECT_CONVERSION = YES_AGGRESSIVE;
				CLANG_CXX_LANGUAGE_STANDARD = "gnu++0x";
				CLANG_CXX_LIBRARY = "libc++";
				CLANG_ENABLE_MODULES = YES;
				CLANG_ENABLE_OBJC_ARC = YES;
				CLANG_WARN_BOOL_CONVERSION = YES;
				CLANG_WARN_CONSTANT_CONVERSION = YES;
				CLANG_WARN_DIRECT_OBJC_ISA_USAGE = YES_ERROR;
				CLANG_WARN_DOCUMENTATION_COMMENTS = YES;
				CLANG_WARN_EMPTY_BODY = YES;
				CLANG_WARN_ENUM_CONVERSION = YES;
				CLANG_WARN_INFINITE_RECURSION = YES;
				CLANG_WARN_INT_CONVERSION = YES;
				CLANG_WARN_OBJC_ROOT_CLASS = YES_ERROR;
				CLANG_WARN_SUSPICIOUS_MOVE = YES;
				CLANG_WARN_UNREACHABLE_CODE = YES;
				CLANG_WARN__DUPLICATE_METHOD_MATCH = YES;
				"CODE_SIGN_IDENTITY[sdk=iphoneos*]" = "iPhone Developer";
				COPY_PHASE_STRIP = NO;
				DEBUG_INFORMATION_FORMAT = "dwarf-with-dsym";
				ENABLE_NS_ASSERTIONS = NO;
				ENABLE_STRICT_OBJC_MSGSEND = YES;
				GCC_C_LANGUAGE_STANDARD = gnu99;
				GCC_NO_COMMON_BLOCKS = YES;
				GCC_WARN_64_TO_32_BIT_CONVERSION = YES;
				GCC_WARN_ABOUT_RETURN_TYPE = YES_ERROR;
				GCC_WARN_UNDECLARED_SELECTOR = YES;
				GCC_WARN_UNINITIALIZED_AUTOS = YES_AGGRESSIVE;
				GCC_WARN_UNUSED_FUNCTION = YES;
				GCC_WARN_UNUSED_VARIABLE = YES;
				IPHONEOS_DEPLOYMENT_TARGET = 10.3;
				MTL_ENABLE_DEBUG_INFO = NO;
				SDKROOT = iphoneos;
				SWIFT_OPTIMIZATION_LEVEL = "-Owholemodule";
				TARGETED_DEVICE_FAMILY = "1,2";
				VALIDATE_PRODUCT = YES;
			};
			name = Release;
		};
		3717B1E21E6DBC7B00EA211B /* Debug */ = {
			isa = XCBuildConfiguration;
			buildSettings = {
				ASSETCATALOG_COMPILER_APPICON_NAME = AppIcon;
				DEVELOPMENT_TEAM = 3BBX8TF58T;
				INFOPLIST_FILE = ModernSearchBar/Info.plist;
				IPHONEOS_DEPLOYMENT_TARGET = 8.0;
				LD_RUNPATH_SEARCH_PATHS = "$(inherited) @executable_path/Frameworks";
				PRODUCT_BUNDLE_IDENTIFIER = com.cookminute.ModernSearchBar;
				PRODUCT_NAME = "$(TARGET_NAME)";
				SWIFT_VERSION = 3.0;
			};
			name = Debug;
		};
		3717B1E31E6DBC7B00EA211B /* Release */ = {
			isa = XCBuildConfiguration;
			buildSettings = {
				ASSETCATALOG_COMPILER_APPICON_NAME = AppIcon;
				DEVELOPMENT_TEAM = 3BBX8TF58T;
				INFOPLIST_FILE = ModernSearchBar/Info.plist;
				IPHONEOS_DEPLOYMENT_TARGET = 8.0;
				LD_RUNPATH_SEARCH_PATHS = "$(inherited) @executable_path/Frameworks";
				PRODUCT_BUNDLE_IDENTIFIER = com.cookminute.ModernSearchBar;
				PRODUCT_NAME = "$(TARGET_NAME)";
				SWIFT_VERSION = 3.0;
			};
			name = Release;
		};
/* End XCBuildConfiguration section */

/* Begin XCConfigurationList section */
		3717B1CA1E6DBC7B00EA211B /* Build configuration list for PBXProject "ModernSearchBar" */ = {
			isa = XCConfigurationList;
			buildConfigurations = (
				3717B1DF1E6DBC7B00EA211B /* Debug */,
				3717B1E01E6DBC7B00EA211B /* Release */,
			);
			defaultConfigurationIsVisible = 0;
			defaultConfigurationName = Release;
		};
		3717B1E11E6DBC7B00EA211B /* Build configuration list for PBXNativeTarget "ModernSearchBar" */ = {
			isa = XCConfigurationList;
			buildConfigurations = (
				3717B1E21E6DBC7B00EA211B /* Debug */,
				3717B1E31E6DBC7B00EA211B /* Release */,
			);
			defaultConfigurationIsVisible = 0;
		};
/* End XCConfigurationList section */
	};
	rootObject = 3717B1C71E6DBC7B00EA211B /* Project object */;
}
