// !$*UTF8*$!
{
	archiveVersion = 1;
	classes = {
	};
	objectVersion = 46;
	objects = {

/* Begin PBXBuildFile section */
		03AC1E3FBAE13C1216B8E619 /* Pods_ModernSearchBar_Sample.framework in Frameworks */ = {isa = PBXBuildFile; fileRef = 60A6BEDE5DBDB2E3C81564A8 /* Pods_ModernSearchBar_Sample.framework */; };
		37877BFD1E6EA9300043C563 /* AppDelegate.swift in Sources */ = {isa = PBXBuildFile; fileRef = 37877BFC1E6EA9300043C563 /* AppDelegate.swift */; };
		37877BFF1E6EA9300043C563 /* ViewController.swift in Sources */ = {isa = PBXBuildFile; fileRef = 37877BFE1E6EA9300043C563 /* ViewController.swift */; };
		37877C021E6EA9300043C563 /* Main.storyboard in Resources */ = {isa = PBXBuildFile; fileRef = 37877C001E6EA9300043C563 /* Main.storyboard */; };
		37877C041E6EA9300043C563 /* Assets.xcassets in Resources */ = {isa = PBXBuildFile; fileRef = 37877C031E6EA9300043C563 /* Assets.xcassets */; };
		37877C071E6EA9300043C563 /* LaunchScreen.storyboard in Resources */ = {isa = PBXBuildFile; fileRef = 37877C051E6EA9300043C563 /* LaunchScreen.storyboard */; };
/* End PBXBuildFile section */

/* Begin PBXFileReference section */
		206E7982981D0F4A615949AF /* Pods-ModernSearchBar-Sample.release.xcconfig */ = {isa = PBXFileReference; includeInIndex = 1; lastKnownFileType = text.xcconfig; name = "Pods-ModernSearchBar-Sample.release.xcconfig"; path = "Pods/Target Support Files/Pods-ModernSearchBar-Sample/Pods-ModernSearchBar-Sample.release.xcconfig"; sourceTree = "<group>"; };
		37877BF91E6EA9300043C563 /* ModernSearchBar-Sample.app */ = {isa = PBXFileReference; explicitFileType = wrapper.application; includeInIndex = 0; path = "ModernSearchBar-Sample.app"; sourceTree = BUILT_PRODUCTS_DIR; };
		37877BFC1E6EA9300043C563 /* AppDelegate.swift */ = {isa = PBXFileReference; lastKnownFileType = sourcecode.swift; path = AppDelegate.swift; sourceTree = "<group>"; };
		37877BFE1E6EA9300043C563 /* ViewController.swift */ = {isa = PBXFileReference; lastKnownFileType = sourcecode.swift; path = ViewController.swift; sourceTree = "<group>"; };
		37877C011E6EA9300043C563 /* Base */ = {isa = PBXFileReference; lastKnownFileType = file.storyboard; name = Base; path = Base.lproj/Main.storyboard; sourceTree = "<group>"; };
		37877C031E6EA9300043C563 /* Assets.xcassets */ = {isa = PBXFileReference; lastKnownFileType = folder.assetcatalog; path = Assets.xcassets; sourceTree = "<group>"; };
		37877C061E6EA9300043C563 /* Base */ = {isa = PBXFileReference; lastKnownFileType = file.storyboard; name = Base; path = Base.lproj/LaunchScreen.storyboard; sourceTree = "<group>"; };
		37877C081E6EA9300043C563 /* Info.plist */ = {isa = PBXFileReference; lastKnownFileType = text.plist.xml; path = Info.plist; sourceTree = "<group>"; };
		60A6BEDE5DBDB2E3C81564A8 /* Pods_ModernSearchBar_Sample.framework */ = {isa = PBXFileReference; explicitFileType = wrapper.framework; includeInIndex = 0; path = Pods_ModernSearchBar_Sample.framework; sourceTree = BUILT_PRODUCTS_DIR; };
		B8F9868E792FC729D05F9E57 /* Pods-ModernSearchBar-Sample.debug.xcconfig */ = {isa = PBXFileReference; includeInIndex = 1; lastKnownFileType = text.xcconfig; name = "Pods-ModernSearchBar-Sample.debug.xcconfig"; path = "Pods/Target Support Files/Pods-ModernSearchBar-Sample/Pods-ModernSearchBar-Sample.debug.xcconfig"; sourceTree = "<group>"; };
/* End PBXFileReference section */

/* Begin PBXFrameworksBuildPhase section */
		37877BF61E6EA9300043C563 /* Frameworks */ = {
			isa = PBXFrameworksBuildPhase;
			buildActionMask = 2147483647;
			files = (
				03AC1E3FBAE13C1216B8E619 /* Pods_ModernSearchBar_Sample.framework in Frameworks */,
			);
			runOnlyForDeploymentPostprocessing = 0;
		};
/* End PBXFrameworksBuildPhase section */

/* Begin PBXGroup section */
		37877BF01E6EA9300043C563 = {
			isa = PBXGroup;
			children = (
				37877BFB1E6EA9300043C563 /* ModernSearchBar-Sample */,
				37877BFA1E6EA9300043C563 /* Products */,
				E6DC299C51345027AB4C769B /* Pods */,
				D4D9333F1F2F19EF7AFFB2BF /* Frameworks */,
			);
			sourceTree = "<group>";
		};
		37877BFA1E6EA9300043C563 /* Products */ = {
			isa = PBXGroup;
			children = (
				37877BF91E6EA9300043C563 /* ModernSearchBar-Sample.app */,
			);
			name = Products;
			sourceTree = "<group>";
		};
		37877BFB1E6EA9300043C563 /* ModernSearchBar-Sample */ = {
			isa = PBXGroup;
			children = (
				37877BFC1E6EA9300043C563 /* AppDelegate.swift */,
				37877BFE1E6EA9300043C563 /* ViewController.swift */,
				37877C001E6EA9300043C563 /* Main.storyboard */,
				37877C031E6EA9300043C563 /* Assets.xcassets */,
				37877C051E6EA9300043C563 /* LaunchScreen.storyboard */,
				37877C081E6EA9300043C563 /* Info.plist */,
			);
			path = "ModernSearchBar-Sample";
			sourceTree = "<group>";
		};
		D4D9333F1F2F19EF7AFFB2BF /* Frameworks */ = {
			isa = PBXGroup;
			children = (
				60A6BEDE5DBDB2E3C81564A8 /* Pods_ModernSearchBar_Sample.framework */,
			);
			name = Frameworks;
			sourceTree = "<group>";
		};
		E6DC299C51345027AB4C769B /* Pods */ = {
			isa = PBXGroup;
			children = (
				B8F9868E792FC729D05F9E57 /* Pods-ModernSearchBar-Sample.debug.xcconfig */,
				206E7982981D0F4A615949AF /* Pods-ModernSearchBar-Sample.release.xcconfig */,
			);
			name = Pods;
			sourceTree = "<group>";
		};
/* End PBXGroup section */

/* Begin PBXNativeTarget section */
		37877BF81E6EA9300043C563 /* ModernSearchBar-Sample */ = {
			isa = PBXNativeTarget;
			buildConfigurationList = 37877C0B1E6EA9300043C563 /* Build configuration list for PBXNativeTarget "ModernSearchBar-Sample" */;
			buildPhases = (
				60105D7CF37191C0E7462E8A /* [CP] Check Pods Manifest.lock */,
				37877BF51E6EA9300043C563 /* Sources */,
				37877BF61E6EA9300043C563 /* Frameworks */,
				37877BF71E6EA9300043C563 /* Resources */,
				3323AEB93E5925035F87D620 /* [CP] Embed Pods Frameworks */,
				1D71EAB7EBF2B3063D7410A4 /* [CP] Copy Pods Resources */,
			);
			buildRules = (
			);
			dependencies = (
			);
			name = "ModernSearchBar-Sample";
			productName = "ModernSearchBar-Sample";
			productReference = 37877BF91E6EA9300043C563 /* ModernSearchBar-Sample.app */;
			productType = "com.apple.product-type.application";
		};
/* End PBXNativeTarget section */

/* Begin PBXProject section */
		37877BF11E6EA9300043C563 /* Project object */ = {
			isa = PBXProject;
			attributes = {
				LastSwiftUpdateCheck = 0830;
				LastUpgradeCheck = 0830;
				ORGANIZATIONNAME = CookMinute;
				TargetAttributes = {
					37877BF81E6EA9300043C563 = {
						CreatedOnToolsVersion = 8.3;
						DevelopmentTeam = 3BBX8TF58T;
						ProvisioningStyle = Automatic;
					};
				};
			};
			buildConfigurationList = 37877BF41E6EA9300043C563 /* Build configuration list for PBXProject "ModernSearchBar-Sample" */;
			compatibilityVersion = "Xcode 3.2";
			developmentRegion = English;
			hasScannedForEncodings = 0;
			knownRegions = (
				en,
				Base,
			);
			mainGroup = 37877BF01E6EA9300043C563;
			productRefGroup = 37877BFA1E6EA9300043C563 /* Products */;
			projectDirPath = "";
			projectRoot = "";
			targets = (
				37877BF81E6EA9300043C563 /* ModernSearchBar-Sample */,
			);
		};
/* End PBXProject section */

/* Begin PBXResourcesBuildPhase section */
		37877BF71E6EA9300043C563 /* Resources */ = {
			isa = PBXResourcesBuildPhase;
			buildActionMask = 2147483647;
			files = (
				37877C071E6EA9300043C563 /* LaunchScreen.storyboard in Resources */,
				37877C041E6EA9300043C563 /* Assets.xcassets in Resources */,
				37877C021E6EA9300043C563 /* Main.storyboard in Resources */,
			);
			runOnlyForDeploymentPostprocessing = 0;
		};
/* End PBXResourcesBuildPhase section */

/* Begin PBXShellScriptBuildPhase section */
		1D71EAB7EBF2B3063D7410A4 /* [CP] Copy Pods Resources */ = {
			isa = PBXShellScriptBuildPhase;
			buildActionMask = 2147483647;
			files = (
			);
			inputPaths = (
			);
			name = "[CP] Copy Pods Resources";
			outputPaths = (
			);
			runOnlyForDeploymentPostprocessing = 0;
			shellPath = /bin/sh;
			shellScript = "\"${SRCROOT}/Pods/Target Support Files/Pods-ModernSearchBar-Sample/Pods-ModernSearchBar-Sample-resources.sh\"\n";
			showEnvVarsInLog = 0;
		};
		3323AEB93E5925035F87D620 /* [CP] Embed Pods Frameworks */ = {
			isa = PBXShellScriptBuildPhase;
			buildActionMask = 2147483647;
			files = (
			);
			inputPaths = (
			);
			name = "[CP] Embed Pods Frameworks";
			outputPaths = (
			);
			runOnlyForDeploymentPostprocessing = 0;
			shellPath = /bin/sh;
			shellScript = "\"${SRCROOT}/Pods/Target Support Files/Pods-ModernSearchBar-Sample/Pods-ModernSearchBar-Sample-frameworks.sh\"\n";
			showEnvVarsInLog = 0;
		};
		60105D7CF37191C0E7462E8A /* [CP] Check Pods Manifest.lock */ = {
			isa = PBXShellScriptBuildPhase;
			buildActionMask = 2147483647;
			files = (
			);
			inputPaths = (
			);
			name = "[CP] Check Pods Manifest.lock";
			outputPaths = (
			);
			runOnlyForDeploymentPostprocessing = 0;
			shellPath = /bin/sh;
			shellScript = "diff \"${PODS_ROOT}/../Podfile.lock\" \"${PODS_ROOT}/Manifest.lock\" > /dev/null\nif [ $? != 0 ] ; then\n    # print error to STDERR\n    echo \"error: The sandbox is not in sync with the Podfile.lock. Run 'pod install' or update your CocoaPods installation.\" >&2\n    exit 1\nfi\n";
			showEnvVarsInLog = 0;
		};
/* End PBXShellScriptBuildPhase section */

/* Begin PBXSourcesBuildPhase section */
		37877BF51E6EA9300043C563 /* Sources */ = {
			isa = PBXSourcesBuildPhase;
			buildActionMask = 2147483647;
			files = (
				37877BFF1E6EA9300043C563 /* ViewController.swift in Sources */,
				37877BFD1E6EA9300043C563 /* AppDelegate.swift in Sources */,
			);
			runOnlyForDeploymentPostprocessing = 0;
		};
/* End PBXSourcesBuildPhase section */

/* Begin PBXVariantGroup section */
		37877C001E6EA9300043C563 /* Main.storyboard */ = {
			isa = PBXVariantGroup;
			children = (
				37877C011E6EA9300043C563 /* Base */,
			);
			name = Main.storyboard;
			sourceTree = "<group>";
		};
		37877C051E6EA9300043C563 /* LaunchScreen.storyboard */ = {
			isa = PBXVariantGroup;
			children = (
				37877C061E6EA9300043C563 /* Base */,
			);
			name = LaunchScreen.storyboard;
			sourceTree = "<group>";
		};
/* End PBXVariantGroup section */

/* Begin XCBuildConfiguration section */
		37877C091E6EA9300043C563 /* Debug */ = {
			isa = XCBuildConfiguration;
			buildSettings = {
				ALWAYS_SEARCH_USER_PATHS = NO;
				CLANG_ANALYZER_NONNULL = YES;
				CLANG_ANALYZER_NUMBER_OBJECT_CONVERSION = YES_AGGRESSIVE;
				CLANG_CXX_LANGUAGE_STANDARD = "gnu++0x";
				CLANG_CXX_LIBRARY = "libc++";
				CLANG_ENABLE_MODULES = YES;
				CLANG_ENABLE_OBJC_ARC = YES;
				CLANG_WARN_BOOL_CONVERSION = YES;
				CLANG_WARN_CONSTANT_CONVERSION = YES;
				CLANG_WARN_DIRECT_OBJC_ISA_USAGE = YES_ERROR;
				CLANG_WARN_DOCUMENTATION_COMMENTS = YES;
				CLANG_WARN_EMPTY_BODY = YES;
				CLANG_WARN_ENUM_CONVERSION = YES;
				CLANG_WARN_INFINITE_RECURSION = YES;
				CLANG_WARN_INT_CONVERSION = YES;
				CLANG_WARN_OBJC_ROOT_CLASS = YES_ERROR;
				CLANG_WARN_SUSPICIOUS_MOVE = YES;
				CLANG_WARN_UNREACHABLE_CODE = YES;
				CLANG_WARN__DUPLICATE_METHOD_MATCH = YES;
				"CODE_SIGN_IDENTITY[sdk=iphoneos*]" = "iPhone Developer";
				COPY_PHASE_STRIP = NO;
				DEBUG_INFORMATION_FORMAT = dwarf;
				ENABLE_STRICT_OBJC_MSGSEND = YES;
				ENABLE_TESTABILITY = YES;
				GCC_C_LANGUAGE_STANDARD = gnu99;
				GCC_DYNAMIC_NO_PIC = NO;
				GCC_NO_COMMON_BLOCKS = YES;
				GCC_OPTIMIZATION_LEVEL = 0;
				GCC_PREPROCESSOR_DEFINITIONS = (
					"DEBUG=1",
					"$(inherited)",
				);
				GCC_WARN_64_TO_32_BIT_CONVERSION = YES;
				GCC_WARN_ABOUT_RETURN_TYPE = YES_ERROR;
				GCC_WARN_UNDECLARED_SELECTOR = YES;
				GCC_WARN_UNINITIALIZED_AUTOS = YES_AGGRESSIVE;
				GCC_WARN_UNUSED_FUNCTION = YES;
				GCC_WARN_UNUSED_VARIABLE = YES;
				IPHONEOS_DEPLOYMENT_TARGET = 10.3;
				MTL_ENABLE_DEBUG_INFO = YES;
				ONLY_ACTIVE_ARCH = YES;
				SDKROOT = iphoneos;
				SWIFT_ACTIVE_COMPILATION_CONDITIONS = DEBUG;
				SWIFT_OPTIMIZATION_LEVEL = "-Onone";
				TARGETED_DEVICE_FAMILY = "1,2";
			};
			name = Debug;
		};
		37877C0A1E6EA9300043C563 /* Release */ = {
			isa = XCBuildConfiguration;
			buildSettings = {
				ALWAYS_SEARCH_USER_PATHS = NO;
				CLANG_ANALYZER_NONNULL = YES;
				CLANG_ANALYZER_NUMBER_OBJECT_CONVERSION = YES_AGGRESSIVE;
				CLANG_CXX_LANGUAGE_STANDARD = "gnu++0x";
				CLANG_CXX_LIBRARY = "libc++";
				CLANG_ENABLE_MODULES = YES;
				CLANG_ENABLE_OBJC_ARC = YES;
				CLANG_WARN_BOOL_CONVERSION = YES;
				CLANG_WARN_CONSTANT_CONVERSION = YES;
				CLANG_WARN_DIRECT_OBJC_ISA_USAGE = YES_ERROR;
				CLANG_WARN_DOCUMENTATION_COMMENTS = YES;
				CLANG_WARN_EMPTY_BODY = YES;
				CLANG_WARN_ENUM_CONVERSION = YES;
				CLANG_WARN_INFINITE_RECURSION = YES;
				CLANG_WARN_INT_CONVERSION = YES;
				CLANG_WARN_OBJC_ROOT_CLASS = YES_ERROR;
				CLANG_WARN_SUSPICIOUS_MOVE = YES;
				CLANG_WARN_UNREACHABLE_CODE = YES;
				CLANG_WARN__DUPLICATE_METHOD_MATCH = YES;
				"CODE_SIGN_IDENTITY[sdk=iphoneos*]" = "iPhone Developer";
				COPY_PHASE_STRIP = NO;
				DEBUG_INFORMATION_FORMAT = "dwarf-with-dsym";
				ENABLE_NS_ASSERTIONS = NO;
				ENABLE_STRICT_OBJC_MSGSEND = YES;
				GCC_C_LANGUAGE_STANDARD = gnu99;
				GCC_NO_COMMON_BLOCKS = YES;
				GCC_WARN_64_TO_32_BIT_CONVERSION = YES;
				GCC_WARN_ABOUT_RETURN_TYPE = YES_ERROR;
				GCC_WARN_UNDECLARED_SELECTOR = YES;
				GCC_WARN_UNINITIALIZED_AUTOS = YES_AGGRESSIVE;
				GCC_WARN_UNUSED_FUNCTION = YES;
				GCC_WARN_UNUSED_VARIABLE = YES;
				IPHONEOS_DEPLOYMENT_TARGET = 10.3;
				MTL_ENABLE_DEBUG_INFO = NO;
				SDKROOT = iphoneos;
				SWIFT_OPTIMIZATION_LEVEL = "-Owholemodule";
				TARGETED_DEVICE_FAMILY = "1,2";
				VALIDATE_PRODUCT = YES;
			};
			name = Release;
		};
		37877C0C1E6EA9300043C563 /* Debug */ = {
			isa = XCBuildConfiguration;
			baseConfigurationReference = B8F9868E792FC729D05F9E57 /* Pods-ModernSearchBar-Sample.debug.xcconfig */;
			buildSettings = {
				ASSETCATALOG_COMPILER_APPICON_NAME = AppIcon;
				DEVELOPMENT_TEAM = 3BBX8TF58T;
				INFOPLIST_FILE = "ModernSearchBar-Sample/Info.plist";
				LD_RUNPATH_SEARCH_PATHS = "$(inherited) @executable_path/Frameworks";
				PRODUCT_BUNDLE_IDENTIFIER = "com.cookminute.ModernSearchBar-Sample";
				PRODUCT_NAME = "$(TARGET_NAME)";
				SWIFT_VERSION = 3.0;
			};
			name = Debug;
		};
		37877C0D1E6EA9300043C563 /* Release */ = {
			isa = XCBuildConfiguration;
			baseConfigurationReference = 206E7982981D0F4A615949AF /* Pods-ModernSearchBar-Sample.release.xcconfig */;
			buildSettings = {
				ASSETCATALOG_COMPILER_APPICON_NAME = AppIcon;
				DEVELOPMENT_TEAM = 3BBX8TF58T;
				INFOPLIST_FILE = "ModernSearchBar-Sample/Info.plist";
				LD_RUNPATH_SEARCH_PATHS = "$(inherited) @executable_path/Frameworks";
				PRODUCT_BUNDLE_IDENTIFIER = "com.cookminute.ModernSearchBar-Sample";
				PRODUCT_NAME = "$(TARGET_NAME)";
				SWIFT_VERSION = 3.0;
			};
			name = Release;
		};
/* End XCBuildConfiguration section */

/* Begin XCConfigurationList section */
		37877BF41E6EA9300043C563 /* Build configuration list for PBXProject "ModernSearchBar-Sample" */ = {
			isa = XCConfigurationList;
			buildConfigurations = (
				37877C091E6EA9300043C563 /* Debug */,
				37877C0A1E6EA9300043C563 /* Release */,
			);
			defaultConfigurationIsVisible = 0;
			defaultConfigurationName = Release;
		};
		37877C0B1E6EA9300043C563 /* Build configuration list for PBXNativeTarget "ModernSearchBar-Sample" */ = {
			isa = XCConfigurationList;
			buildConfigurations = (
				37877C0C1E6EA9300043C563 /* Debug */,
				37877C0D1E6EA9300043C563 /* Release */,
			);
			defaultConfigurationIsVisible = 0;
		};
/* End XCConfigurationList section */
	};
	rootObject = 37877BF11E6EA9300043C563 /* Project object */;
}
